
Microsoft Visual Studio Solution File, Format Version 12.00
# Visual Studio Version 17
VisualStudioVersion = 17.4.33205.214
MinimumVisualStudioVersion = 10.0.40219.1
Project("{FAE04EC0-301F-11D3-BF4B-00C04F79EFBC}") = "ConsoleApp1", "ConsoleApp1\ConsoleApp1.csproj", "{32EC6085-B02F-4013-B164-0A54408A8191}"
EndProject
Global
	GlobalSection(SolutionConfigurationPlatforms) = preSolution
		Debug|Any CPU = Debug|Any CPU
		Release|Any CPU = Release|Any CPU
	EndGlobalSection
	GlobalSection(ProjectConfigurationPlatforms) = postSolution
		{32EC6085-B02F-4013-B164-0A54408A8191}.Debug|Any CPU.ActiveCfg = Debug|Any CPU
		{32EC6085-B02F-4013-B164-0A54408A8191}.Debug|Any CPU.Build.0 = Debug|Any CPU
		{32EC6085-B02F-4013-B164-0A54408A8191}.Release|Any CPU.ActiveCfg = Release|Any CPU
		{32EC6085-B02F-4013-B164-0A54408A8191}.Release|Any CPU.Build.0 = Release|Any CPU
	EndGlobalSection
	GlobalSection(SolutionProperties) = preSolution
		HideSolutionNode = FALSE
	EndGlobalSection
	GlobalSection(ExtensibilityGlobals) = postSolution
		SolutionGuid = {1A6F9470-F022-49AB-B0D1-7EAF4D9A93A8}
	EndGlobalSection
EndGlobal
