
Microsoft Visual Studio Solution File, Format Version 12.00
# Visual Studio Version 17
VisualStudioVersion = 17.4.33213.308
MinimumVisualStudioVersion = 10.0.40219.1
Project("{FAE04EC0-301F-11D3-BF4B-00C04F79EFBC}") = "Data Dase", "Data Dase\Data Dase.csproj", "{F7493EB0-8FA2-4E55-8A27-18D6AF7ADBB5}"
EndProject
Global
	GlobalSection(SolutionConfigurationPlatforms) = preSolution
		Debug|Any CPU = Debug|Any CPU
		Release|Any CPU = Release|Any CPU
	EndGlobalSection
	GlobalSection(ProjectConfigurationPlatforms) = postSolution
		{F7493EB0-8FA2-4E55-8A27-18D6AF7ADBB5}.Debug|Any CPU.ActiveCfg = Debug|Any CPU
		{F7493EB0-8FA2-4E55-8A27-18D6AF7ADBB5}.Debug|Any CPU.Build.0 = Debug|Any CPU
		{F7493EB0-8FA2-4E55-8A27-18D6AF7ADBB5}.Release|Any CPU.ActiveCfg = Release|Any CPU
		{F7493EB0-8FA2-4E55-8A27-18D6AF7ADBB5}.Release|Any CPU.Build.0 = Release|Any CPU
	EndGlobalSection
	GlobalSection(SolutionProperties) = preSolution
		HideSolutionNode = FALSE
	EndGlobalSection
	GlobalSection(ExtensibilityGlobals) = postSolution
		SolutionGuid = {D4564862-BEA5-40E3-BCC2-0BAACE7F5D21}
	EndGlobalSection
EndGlobal
