
Microsoft Visual Studio Solution File, Format Version 12.00
# Visual Studio Version 17
VisualStudioVersion = 17.5.33424.131
MinimumVisualStudioVersion = 10.0.40219.1
Project("{FAE04EC0-301F-11D3-BF4B-00C04F79EFBC}") = "MDI Form with Menu Strip Control", "MDI Form with Menu Strip Control\MDI Form with Menu Strip Control.csproj", "{CACE79C5-C3A4-4A4F-B6F4-FF5D6A785094}"
EndProject
Global
	GlobalSection(SolutionConfigurationPlatforms) = preSolution
		Debug|Any CPU = Debug|Any CPU
		Release|Any CPU = Release|Any CPU
	EndGlobalSection
	GlobalSection(ProjectConfigurationPlatforms) = postSolution
		{CACE79C5-C3A4-4A4F-B6F4-FF5D6A785094}.Debug|Any CPU.ActiveCfg = Debug|Any CPU
		{CACE79C5-C3A4-4A4F-B6F4-FF5D6A785094}.Debug|Any CPU.Build.0 = Debug|Any CPU
		{CACE79C5-C3A4-4A4F-B6F4-FF5D6A785094}.Release|Any CPU.ActiveCfg = Release|Any CPU
		{CACE79C5-C3A4-4A4F-B6F4-FF5D6A785094}.Release|Any CPU.Build.0 = Release|Any CPU
	EndGlobalSection
	GlobalSection(SolutionProperties) = preSolution
		HideSolutionNode = FALSE
	EndGlobalSection
	GlobalSection(ExtensibilityGlobals) = postSolution
		SolutionGuid = {EA54A4DD-00EB-42CA-9EC6-DD57FBEC8A8D}
	EndGlobalSection
EndGlobal
