
Microsoft Visual Studio Solution File, Format Version 12.00
# Visual Studio Version 17
VisualStudioVersion = 17.4.33213.308
MinimumVisualStudioVersion = 10.0.40219.1
Project("{FAE04EC0-301F-11D3-BF4B-00C04F79EFBC}") = "Arithmetic Operation with Buttoncontrol", "Arithmetic Operation with Buttoncontrol\Arithmetic Operation with Buttoncontrol.csproj", "{AE29B36E-7179-4DA5-A142-DFA327A3E98B}"
EndProject
Global
	GlobalSection(SolutionConfigurationPlatforms) = preSolution
		Debug|Any CPU = Debug|Any CPU
		Release|Any CPU = Release|Any CPU
	EndGlobalSection
	GlobalSection(ProjectConfigurationPlatforms) = postSolution
		{AE29B36E-7179-4DA5-A142-DFA327A3E98B}.Debug|Any CPU.ActiveCfg = Debug|Any CPU
		{AE29B36E-7179-4DA5-A142-DFA327A3E98B}.Debug|Any CPU.Build.0 = Debug|Any CPU
		{AE29B36E-7179-4DA5-A142-DFA327A3E98B}.Release|Any CPU.ActiveCfg = Release|Any CPU
		{AE29B36E-7179-4DA5-A142-DFA327A3E98B}.Release|Any CPU.Build.0 = Release|Any CPU
	EndGlobalSection
	GlobalSection(SolutionProperties) = preSolution
		HideSolutionNode = FALSE
	EndGlobalSection
	GlobalSection(ExtensibilityGlobals) = postSolution
		SolutionGuid = {62E28EDB-A1E8-4DAF-B381-47EAA0B42AC7}
	EndGlobalSection
EndGlobal
