
Microsoft Visual Studio Solution File, Format Version 12.00
# Visual Studio Version 17
VisualStudioVersion = 17.4.33213.308
MinimumVisualStudioVersion = 10.0.40219.1
Project("{FAE04EC0-301F-11D3-BF4B-00C04F79EFBC}") = "Arithmetic Operation", "Arithmetic Operation\Arithmetic Operation.csproj", "{B4F037DD-DA4C-49F0-AD9E-C4D386488823}"
EndProject
Global
	GlobalSection(SolutionConfigurationPlatforms) = preSolution
		Debug|Any CPU = Debug|Any CPU
		Release|Any CPU = Release|Any CPU
	EndGlobalSection
	GlobalSection(ProjectConfigurationPlatforms) = postSolution
		{B4F037DD-DA4C-49F0-AD9E-C4D386488823}.Debug|Any CPU.ActiveCfg = Debug|Any CPU
		{B4F037DD-DA4C-49F0-AD9E-C4D386488823}.Debug|Any CPU.Build.0 = Debug|Any CPU
		{B4F037DD-DA4C-49F0-AD9E-C4D386488823}.Release|Any CPU.ActiveCfg = Release|Any CPU
		{B4F037DD-DA4C-49F0-AD9E-C4D386488823}.Release|Any CPU.Build.0 = Release|Any CPU
	EndGlobalSection
	GlobalSection(SolutionProperties) = preSolution
		HideSolutionNode = FALSE
	EndGlobalSection
	GlobalSection(ExtensibilityGlobals) = postSolution
		SolutionGuid = {0A2CE23A-A633-4DA9-B411-87B830063E42}
	EndGlobalSection
EndGlobal
