
Microsoft Visual Studio Solution File, Format Version 12.00
# Visual Studio Version 17
VisualStudioVersion = 17.4.33213.308
MinimumVisualStudioVersion = 10.0.40219.1
Project("{FAE04EC0-301F-11D3-BF4B-00C04F79EFBC}") = "Label Control", "Label Control\Label Control.csproj", "{1B929877-1241-49FA-A37D-B8EF37A293AD}"
EndProject
Global
	GlobalSection(SolutionConfigurationPlatforms) = preSolution
		Debug|Any CPU = Debug|Any CPU
		Release|Any CPU = Release|Any CPU
	EndGlobalSection
	GlobalSection(ProjectConfigurationPlatforms) = postSolution
		{1B929877-1241-49FA-A37D-B8EF37A293AD}.Debug|Any CPU.ActiveCfg = Debug|Any CPU
		{1B929877-1241-49FA-A37D-B8EF37A293AD}.Debug|Any CPU.Build.0 = Debug|Any CPU
		{1B929877-1241-49FA-A37D-B8EF37A293AD}.Release|Any CPU.ActiveCfg = Release|Any CPU
		{1B929877-1241-49FA-A37D-B8EF37A293AD}.Release|Any CPU.Build.0 = Release|Any CPU
	EndGlobalSection
	GlobalSection(SolutionProperties) = preSolution
		HideSolutionNode = FALSE
	EndGlobalSection
	GlobalSection(ExtensibilityGlobals) = postSolution
		SolutionGuid = {A1A5AEF7-202C-477B-BB0F-8022EBCDECEF}
	EndGlobalSection
EndGlobal
